// !$*UTF8*$!
{
	archiveVersion = 1;
	classes = {
	};
	objectVersion = 70;
	objects = {

/* Begin PBXBuildFile section */
		DC1C2D3E2CAFD33100805948 /* TestPlan.xctestplan in Resources */ = {isa = PBXBuildFile; fileRef = DC1C2D3D2CAFD33100805948 /* TestPlan.xctestplan */; };
		DC723A3B2C2AB5AF00DD0C4D /* AppIntents.swift in Sources */ = {isa = PBXBuildFile; fileRef = DC723A3A2C2AB5AE00DD0C4D /* AppIntents.swift */; };
		DC9FD8792C14BBA200160788 /* JourneyJarApp.swift in Sources */ = {isa = PBXBuildFile; fileRef = DC9FD8782C14BBA200160788 /* JourneyJarApp.swift */; };
		DC9FD87D2C14BBA400160788 /* Assets.xcassets in Resources */ = {isa = PBXBuildFile; fileRef = DC9FD87C2C14BBA400160788 /* Assets.xcassets */; };
		DC9FD8812C14BBA400160788 /* Preview Assets.xcassets in Resources */ = {isa = PBXBuildFile; fileRef = DC9FD8802C14BBA400160788 /* Preview Assets.xcassets */; };
		DCBAB7E52CB430640006D655 /* AppRoot in Frameworks */ = {isa = PBXBuildFile; productRef = DCBAB7E42CB430640006D655 /* AppRoot */; };
		DCBAB7E72CB430640006D655 /* Authentication in Frameworks */ = {isa = PBXBuildFile; productRef = DCBAB7E62CB430640006D655 /* Authentication */; };
		DCBAB7E92CB430640006D655 /* Error in Frameworks */ = {isa = PBXBuildFile; productRef = DCBAB7E82CB430640006D655 /* Error */; };
		DCBAB7EB2CB430640006D655 /* Team in Frameworks */ = {isa = PBXBuildFile; productRef = DCBAB7EA2CB430640006D655 /* Team */; };
		DCBAB7ED2CB430640006D655 /* TVShow in Frameworks */ = {isa = PBXBuildFile; productRef = DCBAB7EC2CB430640006D655 /* TVShow */; };
		DCBAB7EF2CB430640006D655 /* User in Frameworks */ = {isa = PBXBuildFile; productRef = DCBAB7EE2CB430640006D655 /* User */; };
		DCE7DF192C21AA7300FB8307 /* GoogleService-Info.plist in Resources */ = {isa = PBXBuildFile; fileRef = DCE7DF182C21AA7300FB8307 /* GoogleService-Info.plist */; };
/* End PBXBuildFile section */

/* Begin PBXContainerItemProxy section */
		DC1C2D382CAEF15D00805948 /* PBXContainerItemProxy */ = {
			isa = PBXContainerItemProxy;
			containerPortal = DC9FD86D2C14BBA200160788 /* Project object */;
			proxyType = 1;
			remoteGlobalIDString = DC9FD8742C14BBA200160788;
			remoteInfo = JourneyJar;
		};
/* End PBXContainerItemProxy section */

/* Begin PBXFileReference section */
		DC1C2D342CAEF15D00805948 /* JourneyJarTests.xctest */ = {isa = PBXFileReference; explicitFileType = wrapper.cfbundle; includeInIndex = 0; path = JourneyJarTests.xctest; sourceTree = BUILT_PRODUCTS_DIR; };
		DC1C2D3D2CAFD33100805948 /* TestPlan.xctestplan */ = {isa = PBXFileReference; lastKnownFileType = text; path = TestPlan.xctestplan; sourceTree = "<group>"; };
		DC723A3A2C2AB5AE00DD0C4D /* AppIntents.swift */ = {isa = PBXFileReference; fileEncoding = 4; lastKnownFileType = sourcecode.swift; path = AppIntents.swift; sourceTree = "<group>"; };
		DC9FD8752C14BBA200160788 /* JourneyJar.app */ = {isa = PBXFileReference; explicitFileType = wrapper.application; includeInIndex = 0; path = JourneyJar.app; sourceTree = BUILT_PRODUCTS_DIR; };
		DC9FD8782C14BBA200160788 /* JourneyJarApp.swift */ = {isa = PBXFileReference; lastKnownFileType = sourcecode.swift; path = JourneyJarApp.swift; sourceTree = "<group>"; };
		DC9FD87C2C14BBA400160788 /* Assets.xcassets */ = {isa = PBXFileReference; lastKnownFileType = folder.assetcatalog; path = Assets.xcassets; sourceTree = "<group>"; };
		DC9FD87E2C14BBA400160788 /* JourneyJar.entitlements */ = {isa = PBXFileReference; lastKnownFileType = text.plist.entitlements; path = JourneyJar.entitlements; sourceTree = "<group>"; };
		DC9FD8802C14BBA400160788 /* Preview Assets.xcassets */ = {isa = PBXFileReference; lastKnownFileType = folder.assetcatalog; path = "Preview Assets.xcassets"; sourceTree = "<group>"; };
		DCB27FE42C29947700B3D8BF /* journey-jar */ = {isa = PBXFileReference; lastKnownFileType = wrapper; name = "journey-jar"; path = "JourneyJar/journey-jar"; sourceTree = "<group>"; };
		DCCD71D42C19BD24009AA443 /* MyPlayground.playground */ = {isa = PBXFileReference; lastKnownFileType = file.playground; path = MyPlayground.playground; sourceTree = "<group>"; xcLanguageSpecificationIdentifier = xcode.lang.swift; };
		DCCD71E92C1A0EF2009AA443 /* Info.plist */ = {isa = PBXFileReference; lastKnownFileType = text.plist; path = Info.plist; sourceTree = "<group>"; };
		DCE7DF182C21AA7300FB8307 /* GoogleService-Info.plist */ = {isa = PBXFileReference; fileEncoding = 4; lastKnownFileType = text.plist.xml; path = "GoogleService-Info.plist"; sourceTree = "<group>"; };
/* End PBXFileReference section */

/* Begin PBXFileSystemSynchronizedRootGroup section */
		DC1C2D352CAEF15D00805948 /* JourneyJarTests */ = {isa = PBXFileSystemSynchronizedRootGroup; explicitFileTypes = {}; explicitFolders = (); path = JourneyJarTests; sourceTree = "<group>"; };
/* End PBXFileSystemSynchronizedRootGroup section */

/* Begin PBXFrameworksBuildPhase section */
		DC1C2D312CAEF15D00805948 /* Frameworks */ = {
			isa = PBXFrameworksBuildPhase;
			buildActionMask = 2147483647;
			files = (
			);
			runOnlyForDeploymentPostprocessing = 0;
		};
		DC9FD8722C14BBA200160788 /* Frameworks */ = {
			isa = PBXFrameworksBuildPhase;
			buildActionMask = 2147483647;
			files = (
				DCBAB7ED2CB430640006D655 /* TVShow in Frameworks */,
				DCBAB7E92CB430640006D655 /* Error in Frameworks */,
				DCBAB7E72CB430640006D655 /* Authentication in Frameworks */,
				DCBAB7E52CB430640006D655 /* AppRoot in Frameworks */,
				DCBAB7EB2CB430640006D655 /* Team in Frameworks */,
				DCBAB7EF2CB430640006D655 /* User in Frameworks */,
			);
			runOnlyForDeploymentPostprocessing = 0;
		};
/* End PBXFrameworksBuildPhase section */

/* Begin PBXGroup section */
		DC9FD86C2C14BBA200160788 = {
			isa = PBXGroup;
			children = (
				DC1C2D3D2CAFD33100805948 /* TestPlan.xctestplan */,
				DCB27FE42C29947700B3D8BF /* journey-jar */,
				DCCD71D42C19BD24009AA443 /* MyPlayground.playground */,
				DC9FD8772C14BBA200160788 /* JourneyJar */,
				DC1C2D352CAEF15D00805948 /* JourneyJarTests */,
				DC9FD8762C14BBA200160788 /* Products */,
				DCCD71DE2C1A0DEF009AA443 /* Frameworks */,
			);
			sourceTree = "<group>";
		};
		DC9FD8762C14BBA200160788 /* Products */ = {
			isa = PBXGroup;
			children = (
				DC9FD8752C14BBA200160788 /* JourneyJar.app */,
				DC1C2D342CAEF15D00805948 /* JourneyJarTests.xctest */,
			);
			name = Products;
			sourceTree = "<group>";
		};
		DC9FD8772C14BBA200160788 /* JourneyJar */ = {
			isa = PBXGroup;
			children = (
				DC723A3A2C2AB5AE00DD0C4D /* AppIntents.swift */,
				DC9FD8782C14BBA200160788 /* JourneyJarApp.swift */,
				DCCD71E92C1A0EF2009AA443 /* Info.plist */,
				DCE7DF182C21AA7300FB8307 /* GoogleService-Info.plist */,
				DC9FD87C2C14BBA400160788 /* Assets.xcassets */,
				DC9FD87E2C14BBA400160788 /* JourneyJar.entitlements */,
				DC9FD87F2C14BBA400160788 /* Preview Content */,
			);
			path = JourneyJar;
			sourceTree = "<group>";
		};
		DC9FD87F2C14BBA400160788 /* Preview Content */ = {
			isa = PBXGroup;
			children = (
				DC9FD8802C14BBA400160788 /* Preview Assets.xcassets */,
			);
			path = "Preview Content";
			sourceTree = "<group>";
		};
		DCCD71DE2C1A0DEF009AA443 /* Frameworks */ = {
			isa = PBXGroup;
			children = (
			);
			name = Frameworks;
			sourceTree = "<group>";
		};
/* End PBXGroup section */

/* Begin PBXNativeTarget section */
		DC1C2D332CAEF15D00805948 /* JourneyJarTests */ = {
			isa = PBXNativeTarget;
			buildConfigurationList = DC1C2D3A2CAEF15D00805948 /* Build configuration list for PBXNativeTarget "JourneyJarTests" */;
			buildPhases = (
				DC1C2D302CAEF15D00805948 /* Sources */,
				DC1C2D312CAEF15D00805948 /* Frameworks */,
				DC1C2D322CAEF15D00805948 /* Resources */,
			);
			buildRules = (
			);
			dependencies = (
				DC1C2D392CAEF15D00805948 /* PBXTargetDependency */,
			);
			fileSystemSynchronizedGroups = (
				DC1C2D352CAEF15D00805948 /* JourneyJarTests */,
			);
			name = JourneyJarTests;
			packageProductDependencies = (
			);
			productName = JourneyJarTests;
			productReference = DC1C2D342CAEF15D00805948 /* JourneyJarTests.xctest */;
			productType = "com.apple.product-type.bundle.unit-test";
		};
		DC9FD8742C14BBA200160788 /* JourneyJar */ = {
			isa = PBXNativeTarget;
			buildConfigurationList = DC9FD8842C14BBA400160788 /* Build configuration list for PBXNativeTarget "JourneyJar" */;
			buildPhases = (
				DC9FD8712C14BBA200160788 /* Sources */,
				DC9FD8722C14BBA200160788 /* Frameworks */,
				DC9FD8732C14BBA200160788 /* Resources */,
			);
			buildRules = (
			);
			dependencies = (
			);
			name = JourneyJar;
			packageProductDependencies = (
				DCBAB7E42CB430640006D655 /* AppRoot */,
				DCBAB7E62CB430640006D655 /* Authentication */,
				DCBAB7E82CB430640006D655 /* Error */,
				DCBAB7EA2CB430640006D655 /* Team */,
				DCBAB7EC2CB430640006D655 /* TVShow */,
				DCBAB7EE2CB430640006D655 /* User */,
			);
			productName = JourneyJar;
			productReference = DC9FD8752C14BBA200160788 /* JourneyJar.app */;
			productType = "com.apple.product-type.application";
		};
/* End PBXNativeTarget section */

/* Begin PBXProject section */
		DC9FD86D2C14BBA200160788 /* Project object */ = {
			isa = PBXProject;
			attributes = {
				BuildIndependentTargetsInParallel = 1;
				LastSwiftUpdateCheck = 1600;
				LastUpgradeCheck = 1540;
				TargetAttributes = {
					DC1C2D332CAEF15D00805948 = {
						CreatedOnToolsVersion = 16.0;
						TestTargetID = DC9FD8742C14BBA200160788;
					};
					DC9FD8742C14BBA200160788 = {
						CreatedOnToolsVersion = 15.4;
					};
				};
			};
			buildConfigurationList = DC9FD8702C14BBA200160788 /* Build configuration list for PBXProject "JourneyJar" */;
			compatibilityVersion = "Xcode 14.0";
			developmentRegion = en;
			hasScannedForEncodings = 0;
			knownRegions = (
				en,
				Base,
			);
			mainGroup = DC9FD86C2C14BBA200160788;
			packageReferences = (
				DCF74BA72C2C80A4008E9ADE /* XCLocalSwiftPackageReference "JourneyJar/journey-jar" */,
			);
			productRefGroup = DC9FD8762C14BBA200160788 /* Products */;
			projectDirPath = "";
			projectRoot = "";
			targets = (
				DC9FD8742C14BBA200160788 /* JourneyJar */,
				DC1C2D332CAEF15D00805948 /* JourneyJarTests */,
			);
		};
/* End PBXProject section */

/* Begin PBXResourcesBuildPhase section */
		DC1C2D322CAEF15D00805948 /* Resources */ = {
			isa = PBXResourcesBuildPhase;
			buildActionMask = 2147483647;
			files = (
				DC1C2D3E2CAFD33100805948 /* TestPlan.xctestplan in Resources */,
			);
			runOnlyForDeploymentPostprocessing = 0;
		};
		DC9FD8732C14BBA200160788 /* Resources */ = {
			isa = PBXResourcesBuildPhase;
			buildActionMask = 2147483647;
			files = (
				DC9FD8812C14BBA400160788 /* Preview Assets.xcassets in Resources */,
				DC9FD87D2C14BBA400160788 /* Assets.xcassets in Resources */,
				DCE7DF192C21AA7300FB8307 /* GoogleService-Info.plist in Resources */,
			);
			runOnlyForDeploymentPostprocessing = 0;
		};
/* End PBXResourcesBuildPhase section */

/* Begin PBXSourcesBuildPhase section */
		DC1C2D302CAEF15D00805948 /* Sources */ = {
			isa = PBXSourcesBuildPhase;
			buildActionMask = 2147483647;
			files = (
			);
			runOnlyForDeploymentPostprocessing = 0;
		};
		DC9FD8712C14BBA200160788 /* Sources */ = {
			isa = PBXSourcesBuildPhase;
			buildActionMask = 2147483647;
			files = (
				DC9FD8792C14BBA200160788 /* JourneyJarApp.swift in Sources */,
				DC723A3B2C2AB5AF00DD0C4D /* AppIntents.swift in Sources */,
			);
			runOnlyForDeploymentPostprocessing = 0;
		};
/* End PBXSourcesBuildPhase section */

/* Begin PBXTargetDependency section */
		DC1C2D392CAEF15D00805948 /* PBXTargetDependency */ = {
			isa = PBXTargetDependency;
			target = DC9FD8742C14BBA200160788 /* JourneyJar */;
			targetProxy = DC1C2D382CAEF15D00805948 /* PBXContainerItemProxy */;
		};
/* End PBXTargetDependency section */

/* Begin XCBuildConfiguration section */
		DC1C2D3B2CAEF15D00805948 /* Debug */ = {
			isa = XCBuildConfiguration;
			buildSettings = {
				BUNDLE_LOADER = "$(TEST_HOST)";
				CODE_SIGN_STYLE = Automatic;
				CURRENT_PROJECT_VERSION = 1;
				DEVELOPMENT_TEAM = 87LWT8ZN7G;
				GENERATE_INFOPLIST_FILE = YES;
				IPHONEOS_DEPLOYMENT_TARGET = 18.0;
				MARKETING_VERSION = 1.0;
				PRODUCT_BUNDLE_IDENTIFIER = com.mourey.JourneyJarTests;
				PRODUCT_NAME = "$(TARGET_NAME)";
				SDKROOT = iphoneos;
				SWIFT_EMIT_LOC_STRINGS = NO;
				SWIFT_VERSION = 5.0;
				TARGETED_DEVICE_FAMILY = "1,2";
				TEST_HOST = "$(BUILT_PRODUCTS_DIR)/JourneyJar.app/$(BUNDLE_EXECUTABLE_FOLDER_PATH)/JourneyJar";
			};
			name = Debug;
		};
		DC1C2D3C2CAEF15D00805948 /* Release */ = {
			isa = XCBuildConfiguration;
			buildSettings = {
				BUNDLE_LOADER = "$(TEST_HOST)";
				CODE_SIGN_STYLE = Automatic;
				CURRENT_PROJECT_VERSION = 1;
				DEVELOPMENT_TEAM = 87LWT8ZN7G;
				GENERATE_INFOPLIST_FILE = YES;
				IPHONEOS_DEPLOYMENT_TARGET = 18.0;
				MARKETING_VERSION = 1.0;
				PRODUCT_BUNDLE_IDENTIFIER = com.mourey.JourneyJarTests;
				PRODUCT_NAME = "$(TARGET_NAME)";
				SDKROOT = iphoneos;
				SWIFT_EMIT_LOC_STRINGS = NO;
				SWIFT_VERSION = 5.0;
				TARGETED_DEVICE_FAMILY = "1,2";
				TEST_HOST = "$(BUILT_PRODUCTS_DIR)/JourneyJar.app/$(BUNDLE_EXECUTABLE_FOLDER_PATH)/JourneyJar";
				VALIDATE_PRODUCT = YES;
			};
			name = Release;
		};
		DC9FD8822C14BBA400160788 /* Debug */ = {
			isa = XCBuildConfiguration;
			buildSettings = {
				ALWAYS_SEARCH_USER_PATHS = NO;
				ASSETCATALOG_COMPILER_GENERATE_SWIFT_ASSET_SYMBOL_EXTENSIONS = YES;
				CLANG_ANALYZER_NONNULL = YES;
				CLANG_ANALYZER_NUMBER_OBJECT_CONVERSION = YES_AGGRESSIVE;
				CLANG_CXX_LANGUAGE_STANDARD = "gnu++20";
				CLANG_ENABLE_MODULES = YES;
				CLANG_ENABLE_OBJC_ARC = YES;
				CLANG_ENABLE_OBJC_WEAK = YES;
				CLANG_WARN_BLOCK_CAPTURE_AUTORELEASING = YES;
				CLANG_WARN_BOOL_CONVERSION = YES;
				CLANG_WARN_COMMA = YES;
				CLANG_WARN_CONSTANT_CONVERSION = YES;
				CLANG_WARN_DEPRECATED_OBJC_IMPLEMENTATIONS = YES;
				CLANG_WARN_DIRECT_OBJC_ISA_USAGE = YES_ERROR;
				CLANG_WARN_DOCUMENTATION_COMMENTS = YES;
				CLANG_WARN_EMPTY_BODY = YES;
				CLANG_WARN_ENUM_CONVERSION = YES;
				CLANG_WARN_INFINITE_RECURSION = YES;
				CLANG_WARN_INT_CONVERSION = YES;
				CLANG_WARN_NON_LITERAL_NULL_CONVERSION = YES;
				CLANG_WARN_OBJC_IMPLICIT_RETAIN_SELF = YES;
				CLANG_WARN_OBJC_LITERAL_CONVERSION = YES;
				CLANG_WARN_OBJC_ROOT_CLASS = YES_ERROR;
				CLANG_WARN_QUOTED_INCLUDE_IN_FRAMEWORK_HEADER = YES;
				CLANG_WARN_RANGE_LOOP_ANALYSIS = YES;
				CLANG_WARN_STRICT_PROTOTYPES = YES;
				CLANG_WARN_SUSPICIOUS_MOVE = YES;
				CLANG_WARN_UNGUARDED_AVAILABILITY = YES_AGGRESSIVE;
				CLANG_WARN_UNREACHABLE_CODE = YES;
				CLANG_WARN__DUPLICATE_METHOD_MATCH = YES;
				COPY_PHASE_STRIP = NO;
				DEAD_CODE_STRIPPING = YES;
				DEBUG_INFORMATION_FORMAT = dwarf;
				ENABLE_STRICT_OBJC_MSGSEND = YES;
				ENABLE_TESTABILITY = YES;
				ENABLE_USER_SCRIPT_SANDBOXING = YES;
				GCC_C_LANGUAGE_STANDARD = gnu17;
				GCC_DYNAMIC_NO_PIC = NO;
				GCC_NO_COMMON_BLOCKS = YES;
				GCC_OPTIMIZATION_LEVEL = 0;
				GCC_PREPROCESSOR_DEFINITIONS = (
					"DEBUG=1",
					"$(inherited)",
				);
				GCC_WARN_64_TO_32_BIT_CONVERSION = YES;
				GCC_WARN_ABOUT_RETURN_TYPE = YES_ERROR;
				GCC_WARN_UNDECLARED_SELECTOR = YES;
				GCC_WARN_UNINITIALIZED_AUTOS = YES_AGGRESSIVE;
				GCC_WARN_UNUSED_FUNCTION = YES;
				GCC_WARN_UNUSED_VARIABLE = YES;
				LOCALIZATION_PREFERS_STRING_CATALOGS = YES;
				MTL_ENABLE_DEBUG_INFO = INCLUDE_SOURCE;
				MTL_FAST_MATH = YES;
				ONLY_ACTIVE_ARCH = YES;
				SWIFT_ACTIVE_COMPILATION_CONDITIONS = "DEBUG $(inherited)";
				SWIFT_OPTIMIZATION_LEVEL = "-Onone";
				SWIFT_STRICT_CONCURRENCY = complete;
				SWIFT_VERSION = 6.0;
			};
			name = Debug;
		};
		DC9FD8832C14BBA400160788 /* Release */ = {
			isa = XCBuildConfiguration;
			buildSettings = {
				ALWAYS_SEARCH_USER_PATHS = NO;
				ASSETCATALOG_COMPILER_GENERATE_SWIFT_ASSET_SYMBOL_EXTENSIONS = YES;
				CLANG_ANALYZER_NONNULL = YES;
				CLANG_ANALYZER_NUMBER_OBJECT_CONVERSION = YES_AGGRESSIVE;
				CLANG_CXX_LANGUAGE_STANDARD = "gnu++20";
				CLANG_ENABLE_MODULES = YES;
				CLANG_ENABLE_OBJC_ARC = YES;
				CLANG_ENABLE_OBJC_WEAK = YES;
				CLANG_WARN_BLOCK_CAPTURE_AUTORELEASING = YES;
				CLANG_WARN_BOOL_CONVERSION = YES;
				CLANG_WARN_COMMA = YES;
				CLANG_WARN_CONSTANT_CONVERSION = YES;
				CLANG_WARN_DEPRECATED_OBJC_IMPLEMENTATIONS = YES;
				CLANG_WARN_DIRECT_OBJC_ISA_USAGE = YES_ERROR;
				CLANG_WARN_DOCUMENTATION_COMMENTS = YES;
				CLANG_WARN_EMPTY_BODY = YES;
				CLANG_WARN_ENUM_CONVERSION = YES;
				CLANG_WARN_INFINITE_RECURSION = YES;
				CLANG_WARN_INT_CONVERSION = YES;
				CLANG_WARN_NON_LITERAL_NULL_CONVERSION = YES;
				CLANG_WARN_OBJC_IMPLICIT_RETAIN_SELF = YES;
				CLANG_WARN_OBJC_LITERAL_CONVERSION = YES;
				CLANG_WARN_OBJC_ROOT_CLASS = YES_ERROR;
				CLANG_WARN_QUOTED_INCLUDE_IN_FRAMEWORK_HEADER = YES;
				CLANG_WARN_RANGE_LOOP_ANALYSIS = YES;
				CLANG_WARN_STRICT_PROTOTYPES = YES;
				CLANG_WARN_SUSPICIOUS_MOVE = YES;
				CLANG_WARN_UNGUARDED_AVAILABILITY = YES_AGGRESSIVE;
				CLANG_WARN_UNREACHABLE_CODE = YES;
				CLANG_WARN__DUPLICATE_METHOD_MATCH = YES;
				COPY_PHASE_STRIP = NO;
				DEAD_CODE_STRIPPING = YES;
				DEBUG_INFORMATION_FORMAT = "dwarf-with-dsym";
				ENABLE_NS_ASSERTIONS = NO;
				ENABLE_STRICT_OBJC_MSGSEND = YES;
				ENABLE_USER_SCRIPT_SANDBOXING = YES;
				GCC_C_LANGUAGE_STANDARD = gnu17;
				GCC_NO_COMMON_BLOCKS = YES;
				GCC_WARN_64_TO_32_BIT_CONVERSION = YES;
				GCC_WARN_ABOUT_RETURN_TYPE = YES_ERROR;
				GCC_WARN_UNDECLARED_SELECTOR = YES;
				GCC_WARN_UNINITIALIZED_AUTOS = YES_AGGRESSIVE;
				GCC_WARN_UNUSED_FUNCTION = YES;
				GCC_WARN_UNUSED_VARIABLE = YES;
				LOCALIZATION_PREFERS_STRING_CATALOGS = YES;
				MTL_ENABLE_DEBUG_INFO = NO;
				MTL_FAST_MATH = YES;
				SWIFT_COMPILATION_MODE = wholemodule;
				SWIFT_STRICT_CONCURRENCY = complete;
				SWIFT_VERSION = 6.0;
			};
			name = Release;
		};
		DC9FD8852C14BBA400160788 /* Debug */ = {
			isa = XCBuildConfiguration;
			buildSettings = {
				ASSETCATALOG_COMPILER_APPICON_NAME = AppIcon;
				ASSETCATALOG_COMPILER_GLOBAL_ACCENT_COLOR_NAME = AccentColor;
				CODE_SIGN_ENTITLEMENTS = JourneyJar/JourneyJar.entitlements;
				CODE_SIGN_STYLE = Automatic;
				CURRENT_PROJECT_VERSION = 1;
				DEAD_CODE_STRIPPING = YES;
				DEVELOPMENT_ASSET_PATHS = "\"JourneyJar/Preview Content\"";
				DEVELOPMENT_TEAM = 87LWT8ZN7G;
				ENABLE_HARDENED_RUNTIME = YES;
				ENABLE_PREVIEWS = YES;
				GENERATE_INFOPLIST_FILE = YES;
				INFOPLIST_FILE = JourneyJar/Info.plist;
				INFOPLIST_KEY_CFBundleDisplayName = JourneyJar;
				INFOPLIST_KEY_LSApplicationCategoryType = "public.app-category.lifestyle";
				"INFOPLIST_KEY_UIApplicationSceneManifest_Generation[sdk=iphoneos*]" = YES;
				"INFOPLIST_KEY_UIApplicationSceneManifest_Generation[sdk=iphonesimulator*]" = YES;
				"INFOPLIST_KEY_UIApplicationSupportsIndirectInputEvents[sdk=iphoneos*]" = YES;
				"INFOPLIST_KEY_UIApplicationSupportsIndirectInputEvents[sdk=iphonesimulator*]" = YES;
				"INFOPLIST_KEY_UILaunchScreen_Generation[sdk=iphoneos*]" = YES;
				"INFOPLIST_KEY_UILaunchScreen_Generation[sdk=iphonesimulator*]" = YES;
				"INFOPLIST_KEY_UIStatusBarStyle[sdk=iphoneos*]" = UIStatusBarStyleDefault;
				"INFOPLIST_KEY_UIStatusBarStyle[sdk=iphonesimulator*]" = UIStatusBarStyleDefault;
				INFOPLIST_KEY_UISupportedInterfaceOrientations_iPad = "UIInterfaceOrientationPortrait UIInterfaceOrientationPortraitUpsideDown UIInterfaceOrientationLandscapeLeft UIInterfaceOrientationLandscapeRight";
				INFOPLIST_KEY_UISupportedInterfaceOrientations_iPhone = "UIInterfaceOrientationPortrait UIInterfaceOrientationLandscapeLeft UIInterfaceOrientationLandscapeRight";
				IPHONEOS_DEPLOYMENT_TARGET = 18.0;
				LD_RUNPATH_SEARCH_PATHS = "@executable_path/Frameworks";
				"LD_RUNPATH_SEARCH_PATHS[sdk=macosx*]" = "@executable_path/../Frameworks";
				MACOSX_DEPLOYMENT_TARGET = 15.0;
				MARKETING_VERSION = 1.0;
				OTHER_LDFLAGS = "-ObjC";
				PRODUCT_BUNDLE_IDENTIFIER = com.mourey.JourneyJar;
				PRODUCT_NAME = "$(TARGET_NAME)";
				SDKROOT = auto;
				SUPPORTED_PLATFORMS = "iphoneos iphonesimulator";
				SUPPORTS_MACCATALYST = NO;
				SWIFT_EMIT_LOC_STRINGS = YES;
				SWIFT_STRICT_CONCURRENCY = complete;
				SWIFT_VERSION = 6.0;
				TARGETED_DEVICE_FAMILY = "1,2";
			};
			name = Debug;
		};
		DC9FD8862C14BBA400160788 /* Release */ = {
			isa = XCBuildConfiguration;
			buildSettings = {
				ASSETCATALOG_COMPILER_APPICON_NAME = AppIcon;
				ASSETCATALOG_COMPILER_GLOBAL_ACCENT_COLOR_NAME = AccentColor;
				CODE_SIGN_ENTITLEMENTS = JourneyJar/JourneyJar.entitlements;
				CODE_SIGN_STYLE = Automatic;
				CURRENT_PROJECT_VERSION = 1;
				DEAD_CODE_STRIPPING = YES;
				DEVELOPMENT_ASSET_PATHS = "\"JourneyJar/Preview Content\"";
				DEVELOPMENT_TEAM = 87LWT8ZN7G;
				ENABLE_HARDENED_RUNTIME = YES;
				ENABLE_PREVIEWS = YES;
				GENERATE_INFOPLIST_FILE = YES;
				INFOPLIST_FILE = JourneyJar/Info.plist;
				INFOPLIST_KEY_CFBundleDisplayName = JourneyJar;
				INFOPLIST_KEY_LSApplicationCategoryType = "public.app-category.lifestyle";
				"INFOPLIST_KEY_UIApplicationSceneManifest_Generation[sdk=iphoneos*]" = YES;
				"INFOPLIST_KEY_UIApplicationSceneManifest_Generation[sdk=iphonesimulator*]" = YES;
				"INFOPLIST_KEY_UIApplicationSupportsIndirectInputEvents[sdk=iphoneos*]" = YES;
				"INFOPLIST_KEY_UIApplicationSupportsIndirectInputEvents[sdk=iphonesimulator*]" = YES;
				"INFOPLIST_KEY_UILaunchScreen_Generation[sdk=iphoneos*]" = YES;
				"INFOPLIST_KEY_UILaunchScreen_Generation[sdk=iphonesimulator*]" = YES;
				"INFOPLIST_KEY_UIStatusBarStyle[sdk=iphoneos*]" = UIStatusBarStyleDefault;
				"INFOPLIST_KEY_UIStatusBarStyle[sdk=iphonesimulator*]" = UIStatusBarStyleDefault;
				INFOPLIST_KEY_UISupportedInterfaceOrientations_iPad = "UIInterfaceOrientationPortrait UIInterfaceOrientationPortraitUpsideDown UIInterfaceOrientationLandscapeLeft UIInterfaceOrientationLandscapeRight";
				INFOPLIST_KEY_UISupportedInterfaceOrientations_iPhone = "UIInterfaceOrientationPortrait UIInterfaceOrientationLandscapeLeft UIInterfaceOrientationLandscapeRight";
				IPHONEOS_DEPLOYMENT_TARGET = 18.0;
				LD_RUNPATH_SEARCH_PATHS = "@executable_path/Frameworks";
				"LD_RUNPATH_SEARCH_PATHS[sdk=macosx*]" = "@executable_path/../Frameworks";
				MACOSX_DEPLOYMENT_TARGET = 15.0;
				MARKETING_VERSION = 1.0;
				OTHER_LDFLAGS = "-ObjC";
				PRODUCT_BUNDLE_IDENTIFIER = com.mourey.JourneyJar;
				PRODUCT_NAME = "$(TARGET_NAME)";
				SDKROOT = auto;
				SUPPORTED_PLATFORMS = "iphoneos iphonesimulator";
				SUPPORTS_MACCATALYST = NO;
				SWIFT_EMIT_LOC_STRINGS = YES;
				SWIFT_STRICT_CONCURRENCY = complete;
				SWIFT_VERSION = 6.0;
				TARGETED_DEVICE_FAMILY = "1,2";
			};
			name = Release;
		};
/* End XCBuildConfiguration section */

/* Begin XCConfigurationList section */
		DC1C2D3A2CAEF15D00805948 /* Build configuration list for PBXNativeTarget "JourneyJarTests" */ = {
			isa = XCConfigurationList;
			buildConfigurations = (
				DC1C2D3B2CAEF15D00805948 /* Debug */,
				DC1C2D3C2CAEF15D00805948 /* Release */,
			);
			defaultConfigurationIsVisible = 0;
			defaultConfigurationName = Release;
		};
		DC9FD8702C14BBA200160788 /* Build configuration list for PBXProject "JourneyJar" */ = {
			isa = XCConfigurationList;
			buildConfigurations = (
				DC9FD8822C14BBA400160788 /* Debug */,
				DC9FD8832C14BBA400160788 /* Release */,
			);
			defaultConfigurationIsVisible = 0;
			defaultConfigurationName = Release;
		};
		DC9FD8842C14BBA400160788 /* Build configuration list for PBXNativeTarget "JourneyJar" */ = {
			isa = XCConfigurationList;
			buildConfigurations = (
				DC9FD8852C14BBA400160788 /* Debug */,
				DC9FD8862C14BBA400160788 /* Release */,
			);
			defaultConfigurationIsVisible = 0;
			defaultConfigurationName = Release;
		};
/* End XCConfigurationList section */

/* Begin XCLocalSwiftPackageReference section */
		DCF74BA72C2C80A4008E9ADE /* XCLocalSwiftPackageReference "JourneyJar/journey-jar" */ = {
			isa = XCLocalSwiftPackageReference;
			relativePath = "JourneyJar/journey-jar";
		};
/* End XCLocalSwiftPackageReference section */

/* Begin XCSwiftPackageProductDependency section */
		DCBAB7E42CB430640006D655 /* AppRoot */ = {
			isa = XCSwiftPackageProductDependency;
			productName = AppRoot;
		};
		DCBAB7E62CB430640006D655 /* Authentication */ = {
			isa = XCSwiftPackageProductDependency;
			productName = Authentication;
		};
		DCBAB7E82CB430640006D655 /* Error */ = {
			isa = XCSwiftPackageProductDependency;
			productName = Error;
		};
		DCBAB7EA2CB430640006D655 /* Team */ = {
			isa = XCSwiftPackageProductDependency;
			productName = Team;
		};
		DCBAB7EC2CB430640006D655 /* TVShow */ = {
			isa = XCSwiftPackageProductDependency;
			productName = TVShow;
		};
		DCBAB7EE2CB430640006D655 /* User */ = {
			isa = XCSwiftPackageProductDependency;
			productName = User;
		};
/* End XCSwiftPackageProductDependency section */
	};
	rootObject = DC9FD86D2C14BBA200160788 /* Project object */;
}
